version = 1
revision = 3
requires-python = ">=3.12"

[[package]]
name = "antlr4-python3-runtime"
version = "4.13.2"
source = { registry = "https://pypi.org/simple" }
sdist = { url = "https://files.pythonhosted.org/packages/33/5f/2cdf6f7aca3b20d3f316e9f505292e1f256a32089bd702034c29ebde6242/antlr4_python3_runtime-4.13.2.tar.gz", hash = "sha256:909b647e1d2fc2b70180ac586df3933e38919c85f98ccc656a96cd3f25ef3916", size = 117467, upload-time = "2024-08-03T19:00:12.757Z" }
wheels = [
    { url = "https://files.pythonhosted.org/packages/89/03/a851e84fcbb85214dc637b6378121ef9a0dd61b4c65264675d8a5c9b1ae7/antlr4_python3_runtime-4.13.2-py3-none-any.whl", hash = "sha256:fe3835eb8d33daece0e799090eda89719dbccee7aa39ef94eed3818cafa5a7e8", size = 144462, upload-time = "2024-08-03T19:00:11.134Z" },
]

[[package]]
name = "certifi"
version = "2026.7.22"
source = { registry = "https://pypi.org/simple" }
sdist = { url = "https://files.pythonhosted.org/packages/a3/c2/24167ea9858356b47a87a50d39908bfdb72ceeefe0041586e704e5376b3a/certifi-2026.7.22.tar.gz", hash = "sha256:741e2c3b351ddf169a738da9f2c048608ff7f2c5cc02f1ebc6b118bb090d5d55", size = 138112, upload-time = "2026-07-22T03:35:12.644Z" }
wheels = [
    { url = "https://files.pythonhosted.org/packages/0b/a7/71ac2cff56fec219ed242bb11b8efb69fcc4bec75db06fb7bfe35de520e6/certifi-2026.7.22-py3-none-any.whl", hash = "sha256:62f22742b58a1a33014a2b6b706588a8d7e2a88ae7bd1a6ebe8c992928483775", size = 136983, upload-time = "2026-07-22T03:35:11.276Z" },
]

[[package]]
name = "luaparser"
version = "4.1.0"
source = { registry = "https://pypi.org/simple" }
dependencies = [
    { name = "antlr4-python3-runtime" },
    { name = "multimethod" },
]
sdist = { url = "https://files.pythonhosted.org/packages/f2/52/a59f072b51c9e9ab5b62e43f31e062b603ebe2464165a4b809e7b105185e/luaparser-4.1.0.tar.gz", hash = "sha256:0e791e73d88f8a34674d2954758c253d3c034541e16c1f51f33bcb411d6ad286", size = 59909, upload-time = "2026-07-20T20:32:45.291Z" }
wheels = [
    { url = "https://files.pythonhosted.org/packages/3e/bb/bd367992b74895ed50234e63fd92fcaad23f33c05b8abe0319b3de142256/luaparser-4.1.0-py3-none-any.whl", hash = "sha256:68fcf36f37dad00553a5996b970ab6d953125bc95e2ba9ba27875bac96225c84", size = 66859, upload-time = "2026-07-20T20:32:44.322Z" },
]

[[package]]
name = "marshall"
version = "0.1.0"
source = { editable = "." }
dependencies = [
    { name = "pydcs" },
]

[package.optional-dependencies]
dev = [
    { name = "luaparser" },
]

[package.metadata]
requires-dist = [
    { name = "luaparser", marker = "extra == 'dev'", specifier = ">=3.2" },
    { name = "pydcs", specifier = ">=0.15.0" },
]
provides-extras = ["dev"]

[[package]]
name = "multimethod"
version = "2.0.2"
source = { registry = "https://pypi.org/simple" }
sdist = { url = "https://files.pythonhosted.org/packages/b1/2d/6274e03d1d656f329f3546140a536fc728b68a1ef123d0deebc751541473/multimethod-2.0.2.tar.gz", hash = "sha256:4f753e9ef0eb08f25037fb7d04f3de22547716c4af257a978e1c4d660edab8f4", size = 15657, upload-time = "2025-11-18T01:16:33.222Z" }
wheels = [
    { url = "https://files.pythonhosted.org/packages/e2/3d/44e60142e058f7e41d0ab19e7f5cc9d77a00833fd6f0197dbbd4f13c0321/multimethod-2.0.2-py3-none-any.whl", hash = "sha256:e6e61347765ec0c154aef827bd6952a685a6693eb9d927fb530a6c364c77939e", size = 9561, upload-time = "2025-11-18T01:16:31.811Z" },
]

[[package]]
name = "pydcs"
version = "0.15.0"
source = { registry = "https://pypi.org/simple" }
dependencies = [
    { name = "pyproj" },
]
sdist = { url = "https://files.pythonhosted.org/packages/0e/02/60c26a1a9146b091d910dcb66dc5fa264e318704e20752cc05b2ddc847d6/pydcs-0.15.0.tar.gz", hash = "sha256:359e6de45b58e5e6089c51aec7a7c39d876463272cf4a4cf4e092738dbc5e129", size = 505745, upload-time = "2023-04-15T17:58:28.79Z" }
wheels = [
    { url = "https://files.pythonhosted.org/packages/6e/e8/5c093d3a627e0e30f656645b2a5a87bd9201e8dc7864f869ba1b4f2c2aff/pydcs-0.15.0-py3-none-any.whl", hash = "sha256:648771a017d1da966c790c3e1129f1e3a4fba9adc193fe25d752c08669c63388", size = 521683, upload-time = "2023-04-15T17:58:25.12Z" },
]

[[package]]
name = "pyproj"
version = "3.7.2"
source = { registry = "https://pypi.org/simple" }
dependencies = [
    { name = "certifi" },
]
sdist = { url = "https://files.pythonhosted.org/packages/04/90/67bd7260b4ea9b8b20b4f58afef6c223ecb3abf368eb4ec5bc2cdef81b49/pyproj-3.7.2.tar.gz", hash = "sha256:39a0cf1ecc7e282d1d30f36594ebd55c9fae1fda8a2622cee5d100430628f88c", size = 226279, upload-time = "2025-08-14T12:05:42.18Z" }
wheels = [
    { url = "https://files.pythonhosted.org/packages/8d/ab/9893ea9fb066be70ed9074ae543914a618c131ed8dff2da1e08b3a4df4db/pyproj-3.7.2-cp312-cp312-macosx_13_0_x86_64.whl", hash = "sha256:0a9bb26a6356fb5b033433a6d1b4542158fb71e3c51de49b4c318a1dff3aeaab", size = 6219832, upload-time = "2025-08-14T12:04:10.264Z" },
    { url = "https://files.pythonhosted.org/packages/53/78/4c64199146eed7184eb0e85bedec60a4aa8853b6ffe1ab1f3a8b962e70a0/pyproj-3.7.2-cp312-cp312-macosx_14_0_arm64.whl", hash = "sha256:567caa03021178861fad27fabde87500ec6d2ee173dd32f3e2d9871e40eebd68", size = 4620650, upload-time = "2025-08-14T12:04:11.978Z" },
    { url = "https://files.pythonhosted.org/packages/b6/ac/14a78d17943898a93ef4f8c6a9d4169911c994e3161e54a7cedeba9d8dde/pyproj-3.7.2-cp312-cp312-manylinux_2_28_aarch64.whl", hash = "sha256:c203101d1dc3c038a56cff0447acc515dd29d6e14811406ac539c21eed422b2a", size = 9667087, upload-time = "2025-08-14T12:04:13.964Z" },
    { url = "https://files.pythonhosted.org/packages/b8/be/212882c450bba74fc8d7d35cbd57e4af84792f0a56194819d98106b075af/pyproj-3.7.2-cp312-cp312-manylinux_2_28_x86_64.whl", hash = "sha256:1edc34266c0c23ced85f95a1ee8b47c9035eae6aca5b6b340327250e8e281630", size = 9552797, upload-time = "2025-08-14T12:04:16.624Z" },
    { url = "https://files.pythonhosted.org/packages/ba/c0/c0f25c87b5d2a8686341c53c1792a222a480d6c9caf60311fec12c99ec26/pyproj-3.7.2-cp312-cp312-musllinux_1_2_aarch64.whl", hash = "sha256:aa9f26c21bc0e2dc3d224cb1eb4020cf23e76af179a7c66fea49b828611e4260", size = 10837036, upload-time = "2025-08-14T12:04:18.733Z" },
    { url = "https://files.pythonhosted.org/packages/5d/37/5cbd6772addde2090c91113332623a86e8c7d583eccb2ad02ea634c4a89f/pyproj-3.7.2-cp312-cp312-musllinux_1_2_x86_64.whl", hash = "sha256:f9428b318530625cb389b9ddc9c51251e172808a4af79b82809376daaeabe5e9", size = 10775952, upload-time = "2025-08-14T12:04:20.709Z" },
    { url = "https://files.pythonhosted.org/packages/69/a1/dc250e3cf83eb4b3b9a2cf86fdb5e25288bd40037ae449695550f9e96b2f/pyproj-3.7.2-cp312-cp312-win32.whl", hash = "sha256:b3d99ed57d319da042f175f4554fc7038aa4bcecc4ac89e217e350346b742c9d", size = 5898872, upload-time = "2025-08-14T12:04:22.485Z" },
    { url = "https://files.pythonhosted.org/packages/4a/a6/6fe724b72b70f2b00152d77282e14964d60ab092ec225e67c196c9b463e5/pyproj-3.7.2-cp312-cp312-win_amd64.whl", hash = "sha256:11614a054cd86a2ed968a657d00987a86eeb91fdcbd9ad3310478685dc14a128", size = 6312176, upload-time = "2025-08-14T12:04:24.736Z" },
    { url = "https://files.pythonhosted.org/packages/5d/68/915cc32c02a91e76d02c8f55d5a138d6ef9e47a0d96d259df98f4842e558/pyproj-3.7.2-cp312-cp312-win_arm64.whl", hash = "sha256:509a146d1398bafe4f53273398c3bb0b4732535065fa995270e52a9d3676bca3", size = 6233452, upload-time = "2025-08-14T12:04:27.287Z" },
    { url = "https://files.pythonhosted.org/packages/be/14/faf1b90d267cea68d7e70662e7f88cefdb1bc890bd596c74b959e0517a72/pyproj-3.7.2-cp313-cp313-macosx_13_0_x86_64.whl", hash = "sha256:19466e529b1b15eeefdf8ff26b06fa745856c044f2f77bf0edbae94078c1dfa1", size = 6214580, upload-time = "2025-08-14T12:04:28.804Z" },
    { url = "https://files.pythonhosted.org/packages/35/48/da9a45b184d375f62667f62eba0ca68569b0bd980a0bb7ffcc1d50440520/pyproj-3.7.2-cp313-cp313-macosx_14_0_arm64.whl", hash = "sha256:c79b9b84c4a626c5dc324c0d666be0bfcebd99f7538d66e8898c2444221b3da7", size = 4615388, upload-time = "2025-08-14T12:04:30.553Z" },
    { url = "https://files.pythonhosted.org/packages/5e/e7/d2b459a4a64bca328b712c1b544e109df88e5c800f7c143cfbc404d39bfb/pyproj-3.7.2-cp313-cp313-manylinux_2_28_aarch64.whl", hash = "sha256:ceecf374cacca317bc09e165db38ac548ee3cad07c3609442bd70311c59c21aa", size = 9628455, upload-time = "2025-08-14T12:04:32.435Z" },
    { url = "https://files.pythonhosted.org/packages/f8/85/c2b1706e51942de19076eff082f8495e57d5151364e78b5bef4af4a1d94a/pyproj-3.7.2-cp313-cp313-manylinux_2_28_x86_64.whl", hash = "sha256:5141a538ffdbe4bfd157421828bb2e07123a90a7a2d6f30fa1462abcfb5ce681", size = 9514269, upload-time = "2025-08-14T12:04:34.599Z" },
    { url = "https://files.pythonhosted.org/packages/34/38/07a9b89ae7467872f9a476883a5bad9e4f4d1219d31060f0f2b282276cbe/pyproj-3.7.2-cp313-cp313-musllinux_1_2_aarch64.whl", hash = "sha256:f000841e98ea99acbb7b8ca168d67773b0191de95187228a16110245c5d954d5", size = 10808437, upload-time = "2025-08-14T12:04:36.485Z" },
    { url = "https://files.pythonhosted.org/packages/12/56/fda1daeabbd39dec5b07f67233d09f31facb762587b498e6fc4572be9837/pyproj-3.7.2-cp313-cp313-musllinux_1_2_x86_64.whl", hash = "sha256:8115faf2597f281a42ab608ceac346b4eb1383d3b45ab474fd37341c4bf82a67", size = 10745540, upload-time = "2025-08-14T12:04:38.568Z" },
    { url = "https://files.pythonhosted.org/packages/0d/90/c793182cbba65a39a11db2ac6b479fe76c59e6509ae75e5744c344a0da9d/pyproj-3.7.2-cp313-cp313-win32.whl", hash = "sha256:f18c0579dd6be00b970cb1a6719197fceecc407515bab37da0066f0184aafdf3", size = 5896506, upload-time = "2025-08-14T12:04:41.059Z" },
    { url = "https://files.pythonhosted.org/packages/be/0f/747974129cf0d800906f81cd25efd098c96509026e454d4b66868779ab04/pyproj-3.7.2-cp313-cp313-win_amd64.whl", hash = "sha256:bb41c29d5f60854b1075853fe80c58950b398d4ebb404eb532536ac8d2834ed7", size = 6310195, upload-time = "2025-08-14T12:04:42.974Z" },
    { url = "https://files.pythonhosted.org/packages/82/64/fc7598a53172c4931ec6edf5228280663063150625d3f6423b4c20f9daff/pyproj-3.7.2-cp313-cp313-win_arm64.whl", hash = "sha256:2b617d573be4118c11cd96b8891a0b7f65778fa7733ed8ecdb297a447d439100", size = 6230748, upload-time = "2025-08-14T12:04:44.491Z" },
    { url = "https://files.pythonhosted.org/packages/aa/f0/611dd5cddb0d277f94b7af12981f56e1441bf8d22695065d4f0df5218498/pyproj-3.7.2-cp313-cp313t-macosx_13_0_x86_64.whl", hash = "sha256:d27b48f0e81beeaa2b4d60c516c3a1cfbb0c7ff6ef71256d8e9c07792f735279", size = 6241729, upload-time = "2025-08-14T12:04:46.274Z" },
    { url = "https://files.pythonhosted.org/packages/15/93/40bd4a6c523ff9965e480870611aed7eda5aa2c6128c6537345a2b77b542/pyproj-3.7.2-cp313-cp313t-macosx_14_0_arm64.whl", hash = "sha256:55a3610d75023c7b1c6e583e48ef8f62918e85a2ae81300569d9f104d6684bb6", size = 4652497, upload-time = "2025-08-14T12:04:48.203Z" },
    { url = "https://files.pythonhosted.org/packages/1b/ae/7150ead53c117880b35e0d37960d3138fe640a235feb9605cb9386f50bb0/pyproj-3.7.2-cp313-cp313t-manylinux_2_28_aarch64.whl", hash = "sha256:8d7349182fa622696787cc9e195508d2a41a64765da9b8a6bee846702b9e6220", size = 9942610, upload-time = "2025-08-14T12:04:49.652Z" },
    { url = "https://files.pythonhosted.org/packages/d8/17/7a4a7eafecf2b46ab64e5c08176c20ceb5844b503eaa551bf12ccac77322/pyproj-3.7.2-cp313-cp313t-manylinux_2_28_x86_64.whl", hash = "sha256:d230b186eb876ed4f29a7c5ee310144c3a0e44e89e55f65fb3607e13f6db337c", size = 9692390, upload-time = "2025-08-14T12:04:51.731Z" },
    { url = "https://files.pythonhosted.org/packages/c3/55/ae18f040f6410f0ea547a21ada7ef3e26e6c82befa125b303b02759c0e9d/pyproj-3.7.2-cp313-cp313t-musllinux_1_2_aarch64.whl", hash = "sha256:237499c7862c578d0369e2b8ac56eec550e391a025ff70e2af8417139dabb41c", size = 11047596, upload-time = "2025-08-14T12:04:53.748Z" },
    { url = "https://files.pythonhosted.org/packages/e6/2e/d3fff4d2909473f26ae799f9dda04caa322c417a51ff3b25763f7d03b233/pyproj-3.7.2-cp313-cp313t-musllinux_1_2_x86_64.whl", hash = "sha256:8c225f5978abd506fd9a78eaaf794435e823c9156091cabaab5374efb29d7f69", size = 10896975, upload-time = "2025-08-14T12:04:55.875Z" },
    { url = "https://files.pythonhosted.org/packages/f2/bc/8fc7d3963d87057b7b51ebe68c1e7c51c23129eee5072ba6b86558544a46/pyproj-3.7.2-cp313-cp313t-win32.whl", hash = "sha256:2da731876d27639ff9d2d81c151f6ab90a1546455fabd93368e753047be344a2", size = 5953057, upload-time = "2025-08-14T12:04:58.466Z" },
    { url = "https://files.pythonhosted.org/packages/cc/27/ea9809966cc47d2d51e6d5ae631ea895f7c7c7b9b3c29718f900a8f7d197/pyproj-3.7.2-cp313-cp313t-win_amd64.whl", hash = "sha256:f54d91ae18dd23b6c0ab48126d446820e725419da10617d86a1b69ada6d881d3", size = 6375414, upload-time = "2025-08-14T12:04:59.861Z" },
    { url = "https://files.pythonhosted.org/packages/5b/f8/1ef0129fba9a555c658e22af68989f35e7ba7b9136f25758809efec0cd6e/pyproj-3.7.2-cp313-cp313t-win_arm64.whl", hash = "sha256:fc52ba896cfc3214dc9f9ca3c0677a623e8fdd096b257c14a31e719d21ff3fdd", size = 6262501, upload-time = "2025-08-14T12:05:01.39Z" },
    { url = "https://files.pythonhosted.org/packages/42/17/c2b050d3f5b71b6edd0d96ae16c990fdc42a5f1366464a5c2772146de33a/pyproj-3.7.2-cp314-cp314-macosx_13_0_x86_64.whl", hash = "sha256:2aaa328605ace41db050d06bac1adc11f01b71fe95c18661497763116c3a0f02", size = 6214541, upload-time = "2025-08-14T12:05:03.166Z" },
    { url = "https://files.pythonhosted.org/packages/03/68/68ada9c8aea96ded09a66cfd9bf87aa6db8c2edebe93f5bf9b66b0143fbc/pyproj-3.7.2-cp314-cp314-macosx_14_0_arm64.whl", hash = "sha256:35dccbce8201313c596a970fde90e33605248b66272595c061b511c8100ccc08", size = 4617456, upload-time = "2025-08-14T12:05:04.563Z" },
    { url = "https://files.pythonhosted.org/packages/81/e4/4c50ceca7d0e937977866b02cb64e6ccf4df979a5871e521f9e255df6073/pyproj-3.7.2-cp314-cp314-manylinux_2_28_aarch64.whl", hash = "sha256:25b0b7cb0042444c29a164b993c45c1b8013d6c48baa61dc1160d834a277e83b", size = 9615590, upload-time = "2025-08-14T12:05:06.094Z" },
    { url = "https://files.pythonhosted.org/packages/05/1e/ada6fb15a1d75b5bd9b554355a69a798c55a7dcc93b8d41596265c1772e3/pyproj-3.7.2-cp314-cp314-manylinux_2_28_x86_64.whl", hash = "sha256:85def3a6388e9ba51f964619aa002a9d2098e77c6454ff47773bb68871024281", size = 9474960, upload-time = "2025-08-14T12:05:07.973Z" },
    { url = "https://files.pythonhosted.org/packages/51/07/9d48ad0a8db36e16f842f2c8a694c1d9d7dcf9137264846bef77585a71f3/pyproj-3.7.2-cp314-cp314-musllinux_1_2_aarch64.whl", hash = "sha256:b1bccefec3875ab81eabf49059e2b2ea77362c178b66fd3528c3e4df242f1516", size = 10799478, upload-time = "2025-08-14T12:05:14.102Z" },
    { url = "https://files.pythonhosted.org/packages/85/cf/2f812b529079f72f51ff2d6456b7fef06c01735e5cfd62d54ffb2b548028/pyproj-3.7.2-cp314-cp314-musllinux_1_2_x86_64.whl", hash = "sha256:d5371ca114d6990b675247355a801925814eca53e6c4b2f1b5c0a956336ee36e", size = 10710030, upload-time = "2025-08-14T12:05:16.317Z" },
    { url = "https://files.pythonhosted.org/packages/99/9b/4626a19e1f03eba4c0e77b91a6cf0f73aa9cb5d51a22ee385c22812bcc2c/pyproj-3.7.2-cp314-cp314-win32.whl", hash = "sha256:77f066626030f41be543274f5ac79f2a511fe89860ecd0914f22131b40a0ec25", size = 5991181, upload-time = "2025-08-14T12:05:19.492Z" },
    { url = "https://files.pythonhosted.org/packages/04/b2/5a6610554306a83a563080c2cf2c57565563eadd280e15388efa00fb5b33/pyproj-3.7.2-cp314-cp314-win_amd64.whl", hash = "sha256:5a964da1696b8522806f4276ab04ccfff8f9eb95133a92a25900697609d40112", size = 6434721, upload-time = "2025-08-14T12:05:21.022Z" },
    { url = "https://files.pythonhosted.org/packages/ae/ce/6c910ea2e1c74ef673c5d48c482564b8a7824a44c4e35cca2e765b68cfcc/pyproj-3.7.2-cp314-cp314-win_arm64.whl", hash = "sha256:e258ab4dbd3cf627809067c0ba8f9884ea76c8e5999d039fb37a1619c6c3e1f6", size = 6363821, upload-time = "2025-08-14T12:05:22.627Z" },
    { url = "https://files.pythonhosted.org/packages/e4/e4/5532f6f7491812ba782a2177fe9de73fd8e2912b59f46a1d056b84b9b8f2/pyproj-3.7.2-cp314-cp314t-macosx_13_0_x86_64.whl", hash = "sha256:bbbac2f930c6d266f70ec75df35ef851d96fdb3701c674f42fd23a9314573b37", size = 6241773, upload-time = "2025-08-14T12:05:24.577Z" },
    { url = "https://files.pythonhosted.org/packages/20/1f/0938c3f2bbbef1789132d1726d9b0e662f10cfc22522743937f421ad664e/pyproj-3.7.2-cp314-cp314t-macosx_14_0_arm64.whl", hash = "sha256:b7544e0a3d6339dc9151e9c8f3ea62a936ab7cc446a806ec448bbe86aebb979b", size = 4652537, upload-time = "2025-08-14T12:05:26.391Z" },
    { url = "https://files.pythonhosted.org/packages/c7/a8/488b1ed47d25972f33874f91f09ca8f2227902f05f63a2b80dc73e7b1c97/pyproj-3.7.2-cp314-cp314t-manylinux_2_28_aarch64.whl", hash = "sha256:f7f5133dca4c703e8acadf6f30bc567d39a42c6af321e7f81975c2518f3ed357", size = 9940864, upload-time = "2025-08-14T12:05:27.985Z" },
    { url = "https://files.pythonhosted.org/packages/c7/cc/7f4c895d0cb98e47b6a85a6d79eaca03eb266129eed2f845125c09cf31ff/pyproj-3.7.2-cp314-cp314t-manylinux_2_28_x86_64.whl", hash = "sha256:5aff3343038d7426aa5076f07feb88065f50e0502d1b0d7c22ddfdd2c75a3f81", size = 9688868, upload-time = "2025-08-14T12:05:30.425Z" },
    { url = "https://files.pythonhosted.org/packages/b2/b7/c7e306b8bb0f071d9825b753ee4920f066c40fbfcce9372c4f3cfb2fc4ed/pyproj-3.7.2-cp314-cp314t-musllinux_1_2_aarch64.whl", hash = "sha256:b0552178c61f2ac1c820d087e8ba6e62b29442debddbb09d51c4bf8acc84d888", size = 11045910, upload-time = "2025-08-14T12:05:32.507Z" },
    { url = "https://files.pythonhosted.org/packages/42/fb/538a4d2df695980e2dde5c04d965fbdd1fe8c20a3194dc4aaa3952a4d1be/pyproj-3.7.2-cp314-cp314t-musllinux_1_2_x86_64.whl", hash = "sha256:47d87db2d2c436c5fd0409b34d70bb6cdb875cca2ebe7a9d1c442367b0ab8d59", size = 10895724, upload-time = "2025-08-14T12:05:35.465Z" },
    { url = "https://files.pythonhosted.org/packages/e8/8b/a3f0618b03957de9db5489a04558a8826f43906628bb0b766033aa3b5548/pyproj-3.7.2-cp314-cp314t-win32.whl", hash = "sha256:c9b6f1d8ad3e80a0ee0903a778b6ece7dca1d1d40f6d114ae01bc8ddbad971aa", size = 6056848, upload-time = "2025-08-14T12:05:37.553Z" },
    { url = "https://files.pythonhosted.org/packages/bc/56/413240dd5149dd3291eda55aa55a659da4431244a2fd1319d0ae89407cfb/pyproj-3.7.2-cp314-cp314t-win_amd64.whl", hash = "sha256:1914e29e27933ba6f9822663ee0600f169014a2859f851c054c88cf5ea8a333c", size = 6517676, upload-time = "2025-08-14T12:05:39.126Z" },
    { url = "https://files.pythonhosted.org/packages/15/73/a7141a1a0559bf1a7aa42a11c879ceb19f02f5c6c371c6d57fd86cefd4d1/pyproj-3.7.2-cp314-cp314t-win_arm64.whl", hash = "sha256:d9d25bae416a24397e0d85739f84d323b55f6511e45a522dd7d7eae70d10c7e4", size = 6391844, upload-time = "2025-08-14T12:05:40.745Z" },
]
